
Microsoft Visual Studio Solution File, Format Version 12.00
# Visual Studio Version 17
VisualStudioVersion = 17.1.32319.34
MinimumVisualStudioVersion = 10.0.40219.1
Project("{FAE04EC0-301F-11D3-BF4B-00C04F79EFBC}") = "dotnetReact", "dotnetReact\dotnetReact.csproj", "{3B7ED444-81B3-42A9-81CC-241C5E1F4108}"
EndProject
Global
	GlobalSection(SolutionConfigurationPlatforms) = preSolution
		Debug|Any CPU = Debug|Any CPU
		Release|Any CPU = Release|Any CPU
	EndGlobalSection
	GlobalSection(ProjectConfigurationPlatforms) = postSolution
		{3B7ED444-81B3-42A9-81CC-241C5E1F4108}.Debug|Any CPU.ActiveCfg = Debug|Any CPU
		{3B7ED444-81B3-42A9-81CC-241C5E1F4108}.Debug|Any CPU.Build.0 = Debug|Any CPU
		{3B7ED444-81B3-42A9-81CC-241C5E1F4108}.Release|Any CPU.ActiveCfg = Release|Any CPU
		{3B7ED444-81B3-42A9-81CC-241C5E1F4108}.Release|Any CPU.Build.0 = Release|Any CPU
	EndGlobalSection
	GlobalSection(SolutionProperties) = preSolution
		HideSolutionNode = FALSE
	EndGlobalSection
	GlobalSection(ExtensibilityGlobals) = postSolution
		SolutionGuid = {65FDFC35-9479-437C-AF54-3037F3BBBAF7}
	EndGlobalSection
EndGlobal
